
Microsoft Visual Studio Solution File, Format Version 12.00
# Visual Studio Version 17
VisualStudioVersion = 17.5.002.0
MinimumVisualStudioVersion = 10.0.40219.1
Project("{9A19103F-16F7-4668-BE54-9A1E7A4F7556}") = "semmi_6", "semmi_6.csproj", "{0068B1EF-4C56-49BD-8BBF-304DEB87BEB9}"
EndProject
Global
	GlobalSection(SolutionConfigurationPlatforms) = preSolution
		Debug|Any CPU = Debug|Any CPU
		Release|Any CPU = Release|Any CPU
	EndGlobalSection
	GlobalSection(ProjectConfigurationPlatforms) = postSolution
		{0068B1EF-4C56-49BD-8BBF-304DEB87BEB9}.Debug|Any CPU.ActiveCfg = Debug|Any CPU
		{0068B1EF-4C56-49BD-8BBF-304DEB87BEB9}.Debug|Any CPU.Build.0 = Debug|Any CPU
		{0068B1EF-4C56-49BD-8BBF-304DEB87BEB9}.Release|Any CPU.ActiveCfg = Release|Any CPU
		{0068B1EF-4C56-49BD-8BBF-304DEB87BEB9}.Release|Any CPU.Build.0 = Release|Any CPU
	EndGlobalSection
	GlobalSection(SolutionProperties) = preSolution
		HideSolutionNode = FALSE
	EndGlobalSection
	GlobalSection(ExtensibilityGlobals) = postSolution
		SolutionGuid = {45AEFAFC-3477-442B-8D9F-C4421C0BA783}
	EndGlobalSection
EndGlobal
